// !$*UTF8*$!
{
	archiveVersion = 1;
	classes = {
	};
	objectVersion = 45;
	objects = {

/* Begin PBXBuildFile section */
		AA747D9F0F9514B9006C5449 /* CommonKit_Prefix.pch in Headers */ = {isa = PBXBuildFile; fileRef = AA747D9E0F9514B9006C5449 /* CommonKit_Prefix.pch */; };
		AACBBE4A0F95108600F1A2B1 /* Foundation.framework in Frameworks */ = {isa = PBXBuildFile; fileRef = AACBBE490F95108600F1A2B1 /* Foundation.framework */; };
		E7C7C98E11E10E38006DF7BF /* CKHttpConnectionDelegate.h in Headers */ = {isa = PBXBuildFile; fileRef = E7C7C98811E10E38006DF7BF /* CKHttpConnectionDelegate.h */; };
		E7C7C98F11E10E38006DF7BF /* CKHttpConnectionDelegate.m in Sources */ = {isa = PBXBuildFile; fileRef = E7C7C98911E10E38006DF7BF /* CKHttpConnectionDelegate.m */; };
		E7C7C99011E10E38006DF7BF /* CKHttp.h in Headers */ = {isa = PBXBuildFile; fileRef = E7C7C98A11E10E38006DF7BF /* CKHttp.h */; };
		E7C7C99111E10E38006DF7BF /* CKHttp.m in Sources */ = {isa = PBXBuildFile; fileRef = E7C7C98B11E10E38006DF7BF /* CKHttp.m */; };
		E7C7C99211E10E38006DF7BF /* CKHttpResponse.h in Headers */ = {isa = PBXBuildFile; fileRef = E7C7C98C11E10E38006DF7BF /* CKHttpResponse.h */; };
		E7C7C99311E10E38006DF7BF /* CKHttpResponse.m in Sources */ = {isa = PBXBuildFile; fileRef = E7C7C98D11E10E38006DF7BF /* CKHttpResponse.m */; };
		E7C7C9A111E11023006DF7BF /* CommonKit.h in Headers */ = {isa = PBXBuildFile; fileRef = E7C7C9A011E11023006DF7BF /* CommonKit.h */; };
		E7C7C9A411E110E4006DF7BF /* NSData+Base64.h in Headers */ = {isa = PBXBuildFile; fileRef = E7C7C9A211E110E4006DF7BF /* NSData+Base64.h */; };
		E7C7C9A511E110E4006DF7BF /* NSData+Base64.m in Sources */ = {isa = PBXBuildFile; fileRef = E7C7C9A311E110E4006DF7BF /* NSData+Base64.m */; };
		E7D3269211E807B600ED57F5 /* NSData+Base64.m in Sources */ = {isa = PBXBuildFile; fileRef = E7C7C9A311E110E4006DF7BF /* NSData+Base64.m */; };
		E7D3269311E807BE00ED57F5 /* CKHttpConnectionDelegate.m in Sources */ = {isa = PBXBuildFile; fileRef = E7C7C98911E10E38006DF7BF /* CKHttpConnectionDelegate.m */; };
		E7D3269411E807BE00ED57F5 /* CKHttp.m in Sources */ = {isa = PBXBuildFile; fileRef = E7C7C98B11E10E38006DF7BF /* CKHttp.m */; };
		E7D3269511E807BE00ED57F5 /* CKHttpResponse.m in Sources */ = {isa = PBXBuildFile; fileRef = E7C7C98D11E10E38006DF7BF /* CKHttpResponse.m */; };
		E7D3269911E807F700ED57F5 /* UIKit.framework in Frameworks */ = {isa = PBXBuildFile; fileRef = E7D3269811E807F700ED57F5 /* UIKit.framework */; };
		E7FC17D311E1146600E19A64 /* CKHttpTests.m in Sources */ = {isa = PBXBuildFile; fileRef = E7FC17B211E1131A00E19A64 /* CKHttpTests.m */; };
/* End PBXBuildFile section */

/* Begin PBXFileReference section */
		AA747D9E0F9514B9006C5449 /* CommonKit_Prefix.pch */ = {isa = PBXFileReference; fileEncoding = 4; lastKnownFileType = sourcecode.c.h; path = CommonKit_Prefix.pch; sourceTree = SOURCE_ROOT; };
		AACBBE490F95108600F1A2B1 /* Foundation.framework */ = {isa = PBXFileReference; lastKnownFileType = wrapper.framework; name = Foundation.framework; path = System/Library/Frameworks/Foundation.framework; sourceTree = SDKROOT; };
		D2AAC07E0554694100DB518D /* libCommonKit.a */ = {isa = PBXFileReference; explicitFileType = archive.ar; includeInIndex = 0; path = libCommonKit.a; sourceTree = BUILT_PRODUCTS_DIR; };
		E7C7C98811E10E38006DF7BF /* CKHttpConnectionDelegate.h */ = {isa = PBXFileReference; fileEncoding = 4; lastKnownFileType = sourcecode.c.h; path = CKHttpConnectionDelegate.h; sourceTree = "<group>"; };
		E7C7C98911E10E38006DF7BF /* CKHttpConnectionDelegate.m */ = {isa = PBXFileReference; fileEncoding = 4; lastKnownFileType = sourcecode.c.objc; path = CKHttpConnectionDelegate.m; sourceTree = "<group>"; };
		E7C7C98A11E10E38006DF7BF /* CKHttp.h */ = {isa = PBXFileReference; fileEncoding = 4; lastKnownFileType = sourcecode.c.h; path = CKHttp.h; sourceTree = "<group>"; };
		E7C7C98B11E10E38006DF7BF /* CKHttp.m */ = {isa = PBXFileReference; fileEncoding = 4; lastKnownFileType = sourcecode.c.objc; path = CKHttp.m; sourceTree = "<group>"; };
		E7C7C98C11E10E38006DF7BF /* CKHttpResponse.h */ = {isa = PBXFileReference; fileEncoding = 4; lastKnownFileType = sourcecode.c.h; path = CKHttpResponse.h; sourceTree = "<group>"; };
		E7C7C98D11E10E38006DF7BF /* CKHttpResponse.m */ = {isa = PBXFileReference; fileEncoding = 4; lastKnownFileType = sourcecode.c.objc; path = CKHttpResponse.m; sourceTree = "<group>"; };
		E7C7C9A011E11023006DF7BF /* CommonKit.h */ = {isa = PBXFileReference; fileEncoding = 4; lastKnownFileType = sourcecode.c.h; path = CommonKit.h; sourceTree = "<group>"; };
		E7C7C9A211E110E4006DF7BF /* NSData+Base64.h */ = {isa = PBXFileReference; fileEncoding = 4; lastKnownFileType = sourcecode.c.h; name = "NSData+Base64.h"; path = "src/categories/NSData+Base64.h"; sourceTree = "<group>"; };
		E7C7C9A311E110E4006DF7BF /* NSData+Base64.m */ = {isa = PBXFileReference; fileEncoding = 4; lastKnownFileType = sourcecode.c.objc; name = "NSData+Base64.m"; path = "src/categories/NSData+Base64.m"; sourceTree = "<group>"; };
		E7D3269811E807F700ED57F5 /* UIKit.framework */ = {isa = PBXFileReference; lastKnownFileType = wrapper.framework; name = UIKit.framework; path = System/Library/Frameworks/UIKit.framework; sourceTree = SDKROOT; };
		E7FC17A211E112A700E19A64 /* LogicTests.octest */ = {isa = PBXFileReference; explicitFileType = wrapper.cfbundle; includeInIndex = 0; path = LogicTests.octest; sourceTree = BUILT_PRODUCTS_DIR; };
		E7FC17A311E112A700E19A64 /* LogicTests-Info.plist */ = {isa = PBXFileReference; lastKnownFileType = text.plist.xml; path = "LogicTests-Info.plist"; sourceTree = "<group>"; };
		E7FC17B111E1131A00E19A64 /* CKHttpTests.h */ = {isa = PBXFileReference; fileEncoding = 4; lastKnownFileType = sourcecode.c.h; name = CKHttpTests.h; path = tests/CKHttpTests.h; sourceTree = "<group>"; };
		E7FC17B211E1131A00E19A64 /* CKHttpTests.m */ = {isa = PBXFileReference; fileEncoding = 4; lastKnownFileType = sourcecode.c.objc; name = CKHttpTests.m; path = tests/CKHttpTests.m; sourceTree = "<group>"; };
/* End PBXFileReference section */

/* Begin PBXFrameworksBuildPhase section */
		D2AAC07C0554694100DB518D /* Frameworks */ = {
			isa = PBXFrameworksBuildPhase;
			buildActionMask = 2147483647;
			files = (
				AACBBE4A0F95108600F1A2B1 /* Foundation.framework in Frameworks */,
			);
			runOnlyForDeploymentPostprocessing = 0;
		};
		E7FC179F11E112A700E19A64 /* Frameworks */ = {
			isa = PBXFrameworksBuildPhase;
			buildActionMask = 2147483647;
			files = (
				E7D3269911E807F700ED57F5 /* UIKit.framework in Frameworks */,
			);
			runOnlyForDeploymentPostprocessing = 0;
		};
/* End PBXFrameworksBuildPhase section */

/* Begin PBXGroup section */
		034768DFFF38A50411DB9C8B /* Products */ = {
			isa = PBXGroup;
			children = (
				D2AAC07E0554694100DB518D /* libCommonKit.a */,
				E7FC17A211E112A700E19A64 /* LogicTests.octest */,
			);
			name = Products;
			sourceTree = "<group>";
		};
		0867D691FE84028FC02AAC07 /* CommonKit */ = {
			isa = PBXGroup;
			children = (
				E7FC17AE11E112D400E19A64 /* Tests */,
				08FB77AEFE84172EC02AAC07 /* Classes */,
				32C88DFF0371C24200C91783 /* Other Sources */,
				0867D69AFE84028FC02AAC07 /* Frameworks */,
				034768DFFF38A50411DB9C8B /* Products */,
				E7FC17A311E112A700E19A64 /* LogicTests-Info.plist */,
			);
			name = CommonKit;
			sourceTree = "<group>";
		};
		0867D69AFE84028FC02AAC07 /* Frameworks */ = {
			isa = PBXGroup;
			children = (
				AACBBE490F95108600F1A2B1 /* Foundation.framework */,
				E7D3269811E807F700ED57F5 /* UIKit.framework */,
			);
			name = Frameworks;
			sourceTree = "<group>";
		};
		08FB77AEFE84172EC02AAC07 /* Classes */ = {
			isa = PBXGroup;
			children = (
				E7C7C99411E10F22006DF7BF /* categories */,
				E7C7C98711E10E38006DF7BF /* http */,
				E7C7C9A011E11023006DF7BF /* CommonKit.h */,
			);
			name = Classes;
			sourceTree = "<group>";
		};
		32C88DFF0371C24200C91783 /* Other Sources */ = {
			isa = PBXGroup;
			children = (
				AA747D9E0F9514B9006C5449 /* CommonKit_Prefix.pch */,
			);
			name = "Other Sources";
			sourceTree = "<group>";
		};
		E7C7C98711E10E38006DF7BF /* http */ = {
			isa = PBXGroup;
			children = (
				E7C7C98811E10E38006DF7BF /* CKHttpConnectionDelegate.h */,
				E7C7C98911E10E38006DF7BF /* CKHttpConnectionDelegate.m */,
				E7C7C98A11E10E38006DF7BF /* CKHttp.h */,
				E7C7C98B11E10E38006DF7BF /* CKHttp.m */,
				E7C7C98C11E10E38006DF7BF /* CKHttpResponse.h */,
				E7C7C98D11E10E38006DF7BF /* CKHttpResponse.m */,
			);
			name = http;
			path = src/http;
			sourceTree = "<group>";
		};
		E7C7C99411E10F22006DF7BF /* categories */ = {
			isa = PBXGroup;
			children = (
				E7C7C9A211E110E4006DF7BF /* NSData+Base64.h */,
				E7C7C9A311E110E4006DF7BF /* NSData+Base64.m */,
			);
			name = categories;
			sourceTree = "<group>";
		};
		E7FC17AE11E112D400E19A64 /* Tests */ = {
			isa = PBXGroup;
			children = (
				E7FC17B111E1131A00E19A64 /* CKHttpTests.h */,
				E7FC17B211E1131A00E19A64 /* CKHttpTests.m */,
			);
			name = Tests;
			sourceTree = "<group>";
		};
/* End PBXGroup section */

/* Begin PBXHeadersBuildPhase section */
		D2AAC07A0554694100DB518D /* Headers */ = {
			isa = PBXHeadersBuildPhase;
			buildActionMask = 2147483647;
			files = (
				AA747D9F0F9514B9006C5449 /* CommonKit_Prefix.pch in Headers */,
				E7C7C98E11E10E38006DF7BF /* CKHttpConnectionDelegate.h in Headers */,
				E7C7C99011E10E38006DF7BF /* CKHttp.h in Headers */,
				E7C7C99211E10E38006DF7BF /* CKHttpResponse.h in Headers */,
				E7C7C9A111E11023006DF7BF /* CommonKit.h in Headers */,
				E7C7C9A411E110E4006DF7BF /* NSData+Base64.h in Headers */,
			);
			runOnlyForDeploymentPostprocessing = 0;
		};
/* End PBXHeadersBuildPhase section */

/* Begin PBXNativeTarget section */
		D2AAC07D0554694100DB518D /* CommonKit */ = {
			isa = PBXNativeTarget;
			buildConfigurationList = 1DEB921E08733DC00010E9CD /* Build configuration list for PBXNativeTarget "CommonKit" */;
			buildPhases = (
				D2AAC07A0554694100DB518D /* Headers */,
				D2AAC07B0554694100DB518D /* Sources */,
				D2AAC07C0554694100DB518D /* Frameworks */,
			);
			buildRules = (
			);
			dependencies = (
			);
			name = CommonKit;
			productName = CommonKit;
			productReference = D2AAC07E0554694100DB518D /* libCommonKit.a */;
			productType = "com.apple.product-type.library.static";
		};
		E7FC17A111E112A700E19A64 /* LogicTests */ = {
			isa = PBXNativeTarget;
			buildConfigurationList = E7FC17A611E112A800E19A64 /* Build configuration list for PBXNativeTarget "LogicTests" */;
			buildPhases = (
				E7FC179D11E112A700E19A64 /* Resources */,
				E7FC179E11E112A700E19A64 /* Sources */,
				E7FC179F11E112A700E19A64 /* Frameworks */,
				E7FC17A011E112A700E19A64 /* ShellScript */,
			);
			buildRules = (
			);
			dependencies = (
			);
			name = LogicTests;
			productName = LogicTests;
			productReference = E7FC17A211E112A700E19A64 /* LogicTests.octest */;
			productType = "com.apple.product-type.bundle";
		};
/* End PBXNativeTarget section */

/* Begin PBXProject section */
		0867D690FE84028FC02AAC07 /* Project object */ = {
			isa = PBXProject;
			buildConfigurationList = 1DEB922208733DC00010E9CD /* Build configuration list for PBXProject "CommonKit" */;
			compatibilityVersion = "Xcode 3.1";
			hasScannedForEncodings = 1;
			mainGroup = 0867D691FE84028FC02AAC07 /* CommonKit */;
			productRefGroup = 034768DFFF38A50411DB9C8B /* Products */;
			projectDirPath = "";
			projectRoot = "";
			targets = (
				D2AAC07D0554694100DB518D /* CommonKit */,
				E7FC17A111E112A700E19A64 /* LogicTests */,
			);
		};
/* End PBXProject section */

/* Begin PBXResourcesBuildPhase section */
		E7FC179D11E112A700E19A64 /* Resources */ = {
			isa = PBXResourcesBuildPhase;
			buildActionMask = 2147483647;
			files = (
			);
			runOnlyForDeploymentPostprocessing = 0;
		};
/* End PBXResourcesBuildPhase section */

/* Begin PBXShellScriptBuildPhase section */
		E7FC17A011E112A700E19A64 /* ShellScript */ = {
			isa = PBXShellScriptBuildPhase;
			buildActionMask = 2147483647;
			files = (
			);
			inputPaths = (
			);
			outputPaths = (
			);
			runOnlyForDeploymentPostprocessing = 0;
			shellPath = /bin/sh;
			shellScript = "# Run the unit tests in this test bundle.\n\"${SYSTEM_DEVELOPER_DIR}/Tools/RunUnitTests\"\n";
		};
/* End PBXShellScriptBuildPhase section */

/* Begin PBXSourcesBuildPhase section */
		D2AAC07B0554694100DB518D /* Sources */ = {
			isa = PBXSourcesBuildPhase;
			buildActionMask = 2147483647;
			files = (
				E7C7C98F11E10E38006DF7BF /* CKHttpConnectionDelegate.m in Sources */,
				E7C7C99111E10E38006DF7BF /* CKHttp.m in Sources */,
				E7C7C99311E10E38006DF7BF /* CKHttpResponse.m in Sources */,
				E7C7C9A511E110E4006DF7BF /* NSData+Base64.m in Sources */,
			);
			runOnlyForDeploymentPostprocessing = 0;
		};
		E7FC179E11E112A700E19A64 /* Sources */ = {
			isa = PBXSourcesBuildPhase;
			buildActionMask = 2147483647;
			files = (
				E7FC17D311E1146600E19A64 /* CKHttpTests.m in Sources */,
				E7D3269211E807B600ED57F5 /* NSData+Base64.m in Sources */,
				E7D3269311E807BE00ED57F5 /* CKHttpConnectionDelegate.m in Sources */,
				E7D3269411E807BE00ED57F5 /* CKHttp.m in Sources */,
				E7D3269511E807BE00ED57F5 /* CKHttpResponse.m in Sources */,
			);
			runOnlyForDeploymentPostprocessing = 0;
		};
/* End PBXSourcesBuildPhase section */

/* Begin XCBuildConfiguration section */
		1DEB921F08733DC00010E9CD /* Debug */ = {
			isa = XCBuildConfiguration;
			buildSettings = {
				ALWAYS_SEARCH_USER_PATHS = NO;
				ARCHS = "$(ARCHS_STANDARD_32_BIT)";
				COPY_PHASE_STRIP = NO;
				DSTROOT = /tmp/CommonKit.dst;
				GCC_DYNAMIC_NO_PIC = NO;
				GCC_ENABLE_FIX_AND_CONTINUE = YES;
				GCC_MODEL_TUNING = G5;
				GCC_OPTIMIZATION_LEVEL = 0;
				GCC_PRECOMPILE_PREFIX_HEADER = YES;
				GCC_PREFIX_HEADER = CommonKit_Prefix.pch;
				INSTALL_PATH = /usr/local/lib;
				PRODUCT_NAME = CommonKit;
			};
			name = Debug;
		};
		1DEB922008733DC00010E9CD /* Release */ = {
			isa = XCBuildConfiguration;
			buildSettings = {
				ALWAYS_SEARCH_USER_PATHS = NO;
				ARCHS = "$(ARCHS_STANDARD_32_BIT)";
				DSTROOT = /tmp/CommonKit.dst;
				GCC_MODEL_TUNING = G5;
				GCC_PRECOMPILE_PREFIX_HEADER = YES;
				GCC_PREFIX_HEADER = CommonKit_Prefix.pch;
				INSTALL_PATH = /usr/local/lib;
				PRODUCT_NAME = CommonKit;
			};
			name = Release;
		};
		1DEB922308733DC00010E9CD /* Debug */ = {
			isa = XCBuildConfiguration;
			buildSettings = {
				ARCHS = "$(ARCHS_STANDARD_32_BIT)";
				GCC_C_LANGUAGE_STANDARD = c99;
				GCC_OPTIMIZATION_LEVEL = 0;
				GCC_WARN_ABOUT_RETURN_TYPE = YES;
				GCC_WARN_UNUSED_VARIABLE = YES;
				OTHER_LDFLAGS = "-ObjC";
				PREBINDING = NO;
				SDKROOT = iphoneos4.0;
			};
			name = Debug;
		};
		1DEB922408733DC00010E9CD /* Release */ = {
			isa = XCBuildConfiguration;
			buildSettings = {
				ARCHS = "$(ARCHS_STANDARD_32_BIT)";
				GCC_C_LANGUAGE_STANDARD = c99;
				GCC_WARN_ABOUT_RETURN_TYPE = YES;
				GCC_WARN_UNUSED_VARIABLE = YES;
				OTHER_LDFLAGS = "-ObjC";
				PREBINDING = NO;
				SDKROOT = iphoneos4.0;
			};
			name = Release;
		};
		E7FC17A411E112A800E19A64 /* Debug */ = {
			isa = XCBuildConfiguration;
			buildSettings = {
				ALWAYS_SEARCH_USER_PATHS = NO;
				"CODE_SIGN_IDENTITY[sdk=iphoneos*]" = "";
				COPY_PHASE_STRIP = NO;
				FRAMEWORK_SEARCH_PATHS = (
					"\"$(SDKROOT)/Developer/Library/Frameworks\"",
					"\"$(DEVELOPER_LIBRARY_DIR)/Frameworks\"",
				);
				GCC_DYNAMIC_NO_PIC = NO;
				GCC_ENABLE_FIX_AND_CONTINUE = NO;
				GCC_ENABLE_OBJC_EXCEPTIONS = YES;
				GCC_GENERATE_TEST_COVERAGE_FILES = YES;
				GCC_INSTRUMENT_PROGRAM_FLOW_ARCS = YES;
				GCC_OPTIMIZATION_LEVEL = 0;
				INFOPLIST_FILE = "LogicTests-Info.plist";
				OTHER_LDFLAGS = (
					"-lgcov",
					"-framework",
					Foundation,
					"-framework",
					SenTestingKit,
					"-framework",
					UIKit,
				);
				PREBINDING = NO;
				PRODUCT_NAME = LogicTests;
				WRAPPER_EXTENSION = octest;
			};
			name = Debug;
		};
		E7FC17A511E112A800E19A64 /* Release */ = {
			isa = XCBuildConfiguration;
			buildSettings = {
				ALWAYS_SEARCH_USER_PATHS = NO;
				"CODE_SIGN_IDENTITY[sdk=iphoneos*]" = "";
				COPY_PHASE_STRIP = YES;
				DEBUG_INFORMATION_FORMAT = "dwarf-with-dsym";
				FRAMEWORK_SEARCH_PATHS = (
					"\"$(SDKROOT)/Developer/Library/Frameworks\"",
					"\"$(DEVELOPER_LIBRARY_DIR)/Frameworks\"",
				);
				GCC_ENABLE_FIX_AND_CONTINUE = NO;
				GCC_ENABLE_OBJC_EXCEPTIONS = YES;
				INFOPLIST_FILE = "LogicTests-Info.plist";
				OTHER_LDFLAGS = (
					"-framework",
					Foundation,
					"-framework",
					SenTestingKit,
					"-framework",
					UIKit,
				);
				PREBINDING = NO;
				PRODUCT_NAME = LogicTests;
				WRAPPER_EXTENSION = octest;
				ZERO_LINK = NO;
			};
			name = Release;
		};
/* End XCBuildConfiguration section */

/* Begin XCConfigurationList section */
		1DEB921E08733DC00010E9CD /* Build configuration list for PBXNativeTarget "CommonKit" */ = {
			isa = XCConfigurationList;
			buildConfigurations = (
				1DEB921F08733DC00010E9CD /* Debug */,
				1DEB922008733DC00010E9CD /* Release */,
			);
			defaultConfigurationIsVisible = 0;
			defaultConfigurationName = Release;
		};
		1DEB922208733DC00010E9CD /* Build configuration list for PBXProject "CommonKit" */ = {
			isa = XCConfigurationList;
			buildConfigurations = (
				1DEB922308733DC00010E9CD /* Debug */,
				1DEB922408733DC00010E9CD /* Release */,
			);
			defaultConfigurationIsVisible = 0;
			defaultConfigurationName = Release;
		};
		E7FC17A611E112A800E19A64 /* Build configuration list for PBXNativeTarget "LogicTests" */ = {
			isa = XCConfigurationList;
			buildConfigurations = (
				E7FC17A411E112A800E19A64 /* Debug */,
				E7FC17A511E112A800E19A64 /* Release */,
			);
			defaultConfigurationIsVisible = 0;
			defaultConfigurationName = Release;
		};
/* End XCConfigurationList section */
	};
	rootObject = 0867D690FE84028FC02AAC07 /* Project object */;
}
